
Microsoft Visual Studio Solution File, Format Version 12.00
# Visual Studio 14
VisualStudioVersion = 14.0.23107.0
MinimumVisualStudioVersion = 10.0.40219.1
Project("{FAE04EC0-301F-11D3-BF4B-00C04F79EFBC}") = "ustoreV3.UI.MVC", "src\ustoreV3.UI.MVC\ustoreV3.UI.MVC.csproj", "{F4272D57-D8A6-47F0-B3C6-A8A91B6DA3F4}"
EndProject
Project("{FAE04EC0-301F-11D3-BF4B-00C04F79EFBC}") = "ustoreV3.DATA.EF", "src\ustoreV3.DATA.EF\ustoreV3.DATA.EF.csproj", "{0459AA30-F8C9-4617-A18A-60D4C37E305D}"
EndProject
Global
	GlobalSection(SolutionConfigurationPlatforms) = preSolution
		Debug|Any CPU = Debug|Any CPU
		Release|Any CPU = Release|Any CPU
	EndGlobalSection
	GlobalSection(ProjectConfigurationPlatforms) = postSolution
		{F4272D57-D8A6-47F0-B3C6-A8A91B6DA3F4}.Debug|Any CPU.ActiveCfg = Debug|Any CPU
		{F4272D57-D8A6-47F0-B3C6-A8A91B6DA3F4}.Debug|Any CPU.Build.0 = Debug|Any CPU
		{F4272D57-D8A6-47F0-B3C6-A8A91B6DA3F4}.Release|Any CPU.ActiveCfg = Release|Any CPU
		{F4272D57-D8A6-47F0-B3C6-A8A91B6DA3F4}.Release|Any CPU.Build.0 = Release|Any CPU
		{0459AA30-F8C9-4617-A18A-60D4C37E305D}.Debug|Any CPU.ActiveCfg = Debug|Any CPU
		{0459AA30-F8C9-4617-A18A-60D4C37E305D}.Debug|Any CPU.Build.0 = Debug|Any CPU
		{0459AA30-F8C9-4617-A18A-60D4C37E305D}.Release|Any CPU.ActiveCfg = Release|Any CPU
		{0459AA30-F8C9-4617-A18A-60D4C37E305D}.Release|Any CPU.Build.0 = Release|Any CPU
	EndGlobalSection
	GlobalSection(SolutionProperties) = preSolution
		HideSolutionNode = FALSE
	EndGlobalSection
EndGlobal
